
Microsoft Visual Studio Solution File, Format Version 12.00
# Visual Studio Version 16
VisualStudioVersion = 16.0.29709.97
MinimumVisualStudioVersion = 10.0.40219.1
Project("{FAE04EC0-301F-11D3-BF4B-00C04F79EFBC}") = "Dsl", "Dsl\Dsl.csproj", "{CEC5AE69-0E08-48B6-B10D-E72D1AE24C95}"
EndProject
Project("{FAE04EC0-301F-11D3-BF4B-00C04F79EFBC}") = "DslPackage", "DslPackage\DslPackage.csproj", "{542CF0A9-38BB-47A0-B86B-C066C67F769C}"
EndProject
Global
	GlobalSection(SolutionConfigurationPlatforms) = preSolution
		Debug|Any CPU = Debug|Any CPU
		Release|Any CPU = Release|Any CPU
	EndGlobalSection
	GlobalSection(ProjectConfigurationPlatforms) = postSolution
		{CEC5AE69-0E08-48B6-B10D-E72D1AE24C95}.Debug|Any CPU.ActiveCfg = Debug|Any CPU
		{CEC5AE69-0E08-48B6-B10D-E72D1AE24C95}.Debug|Any CPU.Build.0 = Debug|Any CPU
		{CEC5AE69-0E08-48B6-B10D-E72D1AE24C95}.Release|Any CPU.ActiveCfg = Release|Any CPU
		{CEC5AE69-0E08-48B6-B10D-E72D1AE24C95}.Release|Any CPU.Build.0 = Release|Any CPU
		{542CF0A9-38BB-47A0-B86B-C066C67F769C}.Debug|Any CPU.ActiveCfg = Debug|Any CPU
		{542CF0A9-38BB-47A0-B86B-C066C67F769C}.Debug|Any CPU.Build.0 = Debug|Any CPU
		{542CF0A9-38BB-47A0-B86B-C066C67F769C}.Release|Any CPU.ActiveCfg = Release|Any CPU
		{542CF0A9-38BB-47A0-B86B-C066C67F769C}.Release|Any CPU.Build.0 = Release|Any CPU
	EndGlobalSection
	GlobalSection(SolutionProperties) = preSolution
		HideSolutionNode = FALSE
	EndGlobalSection
	GlobalSection(ExtensibilityGlobals) = postSolution
		SolutionGuid = {F09BFAA2-1E97-4079-A560-4C6385209766}
	EndGlobalSection
EndGlobal
