
Microsoft Visual Studio Solution File, Format Version 12.00
# Visual Studio Version 16
VisualStudioVersion = 16.0.29709.97
MinimumVisualStudioVersion = 10.0.40219.1
Project("{FAE04EC0-301F-11D3-BF4B-00C04F79EFBC}") = "Dsl", "Dsl\Dsl.csproj", "{0641754D-908A-42B1-8AB5-CC3B74D9FBD2}"
EndProject
Project("{FAE04EC0-301F-11D3-BF4B-00C04F79EFBC}") = "DslPackage", "DslPackage\DslPackage.csproj", "{D6B7C53B-0AB3-4B33-BFF9-FF011B4005BA}"
EndProject
Global
	GlobalSection(SolutionConfigurationPlatforms) = preSolution
		Debug|Any CPU = Debug|Any CPU
		Release|Any CPU = Release|Any CPU
	EndGlobalSection
	GlobalSection(ProjectConfigurationPlatforms) = postSolution
		{0641754D-908A-42B1-8AB5-CC3B74D9FBD2}.Debug|Any CPU.ActiveCfg = Debug|Any CPU
		{0641754D-908A-42B1-8AB5-CC3B74D9FBD2}.Debug|Any CPU.Build.0 = Debug|Any CPU
		{0641754D-908A-42B1-8AB5-CC3B74D9FBD2}.Release|Any CPU.ActiveCfg = Release|Any CPU
		{0641754D-908A-42B1-8AB5-CC3B74D9FBD2}.Release|Any CPU.Build.0 = Release|Any CPU
		{D6B7C53B-0AB3-4B33-BFF9-FF011B4005BA}.Debug|Any CPU.ActiveCfg = Debug|Any CPU
		{D6B7C53B-0AB3-4B33-BFF9-FF011B4005BA}.Debug|Any CPU.Build.0 = Debug|Any CPU
		{D6B7C53B-0AB3-4B33-BFF9-FF011B4005BA}.Release|Any CPU.ActiveCfg = Release|Any CPU
		{D6B7C53B-0AB3-4B33-BFF9-FF011B4005BA}.Release|Any CPU.Build.0 = Release|Any CPU
	EndGlobalSection
	GlobalSection(SolutionProperties) = preSolution
		HideSolutionNode = FALSE
	EndGlobalSection
	GlobalSection(ExtensibilityGlobals) = postSolution
		SolutionGuid = {A0697604-CDFE-40FE-86C8-EE3A9B3728E8}
	EndGlobalSection
EndGlobal
